
Microsoft Visual Studio Solution File, Format Version 12.00
# Visual Studio Version 16
VisualStudioVersion = 16.0.30204.135
MinimumVisualStudioVersion = 10.0.40219.1
Project("{FAE04EC0-301F-11D3-BF4B-00C04F79EFBC}") = "MWDH", "MWDH\MWDH.csproj", "{FC455B7F-9B3A-4495-AFA0-8B1FBDAFD281}"
EndProject
Project("{FAE04EC0-301F-11D3-BF4B-00C04F79EFBC}") = "MWDHTests", "MWDHTests\MWDHTests.csproj", "{E1B78884-37A0-497E-8D0F-73695E0E0210}"
EndProject
Global
	GlobalSection(SolutionConfigurationPlatforms) = preSolution
		Debug|Any CPU = Debug|Any CPU
		Release|Any CPU = Release|Any CPU
	EndGlobalSection
	GlobalSection(ProjectConfigurationPlatforms) = postSolution
		{FC455B7F-9B3A-4495-AFA0-8B1FBDAFD281}.Debug|Any CPU.ActiveCfg = Debug|Any CPU
		{FC455B7F-9B3A-4495-AFA0-8B1FBDAFD281}.Debug|Any CPU.Build.0 = Debug|Any CPU
		{FC455B7F-9B3A-4495-AFA0-8B1FBDAFD281}.Release|Any CPU.ActiveCfg = Release|Any CPU
		{FC455B7F-9B3A-4495-AFA0-8B1FBDAFD281}.Release|Any CPU.Build.0 = Release|Any CPU
		{E1B78884-37A0-497E-8D0F-73695E0E0210}.Debug|Any CPU.ActiveCfg = Debug|Any CPU
		{E1B78884-37A0-497E-8D0F-73695E0E0210}.Debug|Any CPU.Build.0 = Debug|Any CPU
		{E1B78884-37A0-497E-8D0F-73695E0E0210}.Release|Any CPU.ActiveCfg = Release|Any CPU
		{E1B78884-37A0-497E-8D0F-73695E0E0210}.Release|Any CPU.Build.0 = Release|Any CPU
	EndGlobalSection
	GlobalSection(SolutionProperties) = preSolution
		HideSolutionNode = FALSE
	EndGlobalSection
	GlobalSection(ExtensibilityGlobals) = postSolution
		SolutionGuid = {89BA566C-A4BC-41E2-A682-872811B6B241}
	EndGlobalSection
EndGlobal
